
Microsoft Visual Studio Solution File, Format Version 12.00
# Visual Studio Version 17
VisualStudioVersion = 17.0.32112.339
MinimumVisualStudioVersion = 10.0.40219.1
Project("{FAE04EC0-301F-11D3-BF4B-00C04F79EFBC}") = "SIAIO-WPF", "SIAIO-WPF\SIAIO-WPF.csproj", "{0B3FFF21-B49B-4E3A-BB6A-D5F42A882FE1}"
EndProject
Global
	GlobalSection(SolutionConfigurationPlatforms) = preSolution
		Debug|Any CPU = Debug|Any CPU
		Release|Any CPU = Release|Any CPU
	EndGlobalSection
	GlobalSection(ProjectConfigurationPlatforms) = postSolution
		{0B3FFF21-B49B-4E3A-BB6A-D5F42A882FE1}.Debug|Any CPU.ActiveCfg = Debug|Any CPU
		{0B3FFF21-B49B-4E3A-BB6A-D5F42A882FE1}.Debug|Any CPU.Build.0 = Debug|Any CPU
		{0B3FFF21-B49B-4E3A-BB6A-D5F42A882FE1}.Release|Any CPU.ActiveCfg = Release|Any CPU
		{0B3FFF21-B49B-4E3A-BB6A-D5F42A882FE1}.Release|Any CPU.Build.0 = Release|Any CPU
	EndGlobalSection
	GlobalSection(SolutionProperties) = preSolution
		HideSolutionNode = FALSE
	EndGlobalSection
	GlobalSection(ExtensibilityGlobals) = postSolution
		SolutionGuid = {E14B4034-5121-4E00-9A1A-9E894100D3D9}
	EndGlobalSection
EndGlobal
